
Microsoft Visual Studio Solution File, Format Version 12.00
# Visual Studio Version 17
VisualStudioVersion = 17.5.33424.131
MinimumVisualStudioVersion = 10.0.40219.1
Project("{FAE04EC0-301F-11D3-BF4B-00C04F79EFBC}") = "MassTransitDemo_InventoryService", "MassTransitDemo_InventoryService\MassTransitDemo_InventoryService.csproj", "{EEE00950-933C-47AD-BB06-AA4E7019B4A0}"
EndProject
Project("{9A19103F-16F7-4668-BE54-9A1E7A4F7556}") = "ModelLibrary", "..\MassTransitDemo_OrderService\ModelLibrary\ModelLibrary.csproj", "{E0C62DDB-7FA1-418E-9C72-B7BD752F3DE6}"
EndProject
Global
	GlobalSection(SolutionConfigurationPlatforms) = preSolution
		Debug|Any CPU = Debug|Any CPU
		Release|Any CPU = Release|Any CPU
	EndGlobalSection
	GlobalSection(ProjectConfigurationPlatforms) = postSolution
		{EEE00950-933C-47AD-BB06-AA4E7019B4A0}.Debug|Any CPU.ActiveCfg = Debug|Any CPU
		{EEE00950-933C-47AD-BB06-AA4E7019B4A0}.Debug|Any CPU.Build.0 = Debug|Any CPU
		{EEE00950-933C-47AD-BB06-AA4E7019B4A0}.Release|Any CPU.ActiveCfg = Release|Any CPU
		{EEE00950-933C-47AD-BB06-AA4E7019B4A0}.Release|Any CPU.Build.0 = Release|Any CPU
		{E0C62DDB-7FA1-418E-9C72-B7BD752F3DE6}.Debug|Any CPU.ActiveCfg = Debug|Any CPU
		{E0C62DDB-7FA1-418E-9C72-B7BD752F3DE6}.Debug|Any CPU.Build.0 = Debug|Any CPU
		{E0C62DDB-7FA1-418E-9C72-B7BD752F3DE6}.Release|Any CPU.ActiveCfg = Release|Any CPU
		{E0C62DDB-7FA1-418E-9C72-B7BD752F3DE6}.Release|Any CPU.Build.0 = Release|Any CPU
	EndGlobalSection
	GlobalSection(SolutionProperties) = preSolution
		HideSolutionNode = FALSE
	EndGlobalSection
	GlobalSection(ExtensibilityGlobals) = postSolution
		SolutionGuid = {2FFA20C9-7F36-471A-914B-A76705CDED38}
	EndGlobalSection
EndGlobal
