
Microsoft Visual Studio Solution File, Format Version 12.00
# Visual Studio Version 17
VisualStudioVersion = 17.5.33424.131
MinimumVisualStudioVersion = 10.0.40219.1
Project("{FAE04EC0-301F-11D3-BF4B-00C04F79EFBC}") = "login_included", "login_included\login_included.csproj", "{BADEB4E1-2442-41D6-AFC1-C6F17AF0274F}"
EndProject
Global
	GlobalSection(SolutionConfigurationPlatforms) = preSolution
		Debug|Any CPU = Debug|Any CPU
		Release|Any CPU = Release|Any CPU
	EndGlobalSection
	GlobalSection(ProjectConfigurationPlatforms) = postSolution
		{BADEB4E1-2442-41D6-AFC1-C6F17AF0274F}.Debug|Any CPU.ActiveCfg = Debug|Any CPU
		{BADEB4E1-2442-41D6-AFC1-C6F17AF0274F}.Debug|Any CPU.Build.0 = Debug|Any CPU
		{BADEB4E1-2442-41D6-AFC1-C6F17AF0274F}.Release|Any CPU.ActiveCfg = Release|Any CPU
		{BADEB4E1-2442-41D6-AFC1-C6F17AF0274F}.Release|Any CPU.Build.0 = Release|Any CPU
	EndGlobalSection
	GlobalSection(SolutionProperties) = preSolution
		HideSolutionNode = FALSE
	EndGlobalSection
	GlobalSection(ExtensibilityGlobals) = postSolution
		SolutionGuid = {3138B469-9DBF-4C7D-ACC3-994FD73BDB78}
	EndGlobalSection
EndGlobal
